
Microsoft Visual Studio Solution File, Format Version 12.00
# Visual Studio 15
VisualStudioVersion = 15.0.28307.572
MinimumVisualStudioVersion = 10.0.40219.1
Project("{FAE04EC0-301F-11D3-BF4B-00C04F79EFBC}") = "XamarinFormsChangeAndoirdThemeRuntime.Android", "XamarinFormsChangeAndoirdThemeRuntime\XamarinFormsChangeAndoirdThemeRuntime.Android\XamarinFormsChangeAndoirdThemeRuntime.Android.csproj", "{7C5D7864-7B6B-4485-B221-B3E2167477D3}"
EndProject
Project("{FAE04EC0-301F-11D3-BF4B-00C04F79EFBC}") = "XamarinFormsChangeAndoirdThemeRuntime", "XamarinFormsChangeAndoirdThemeRuntime\XamarinFormsChangeAndoirdThemeRuntime\XamarinFormsChangeAndoirdThemeRuntime.csproj", "{1E937EDE-B82E-4749-865B-A43516B0E33D}"
EndProject
Global
	GlobalSection(SolutionConfigurationPlatforms) = preSolution
		Debug|Any CPU = Debug|Any CPU
		Release|Any CPU = Release|Any CPU
	EndGlobalSection
	GlobalSection(ProjectConfigurationPlatforms) = postSolution
		{7C5D7864-7B6B-4485-B221-B3E2167477D3}.Debug|Any CPU.ActiveCfg = Debug|Any CPU
		{7C5D7864-7B6B-4485-B221-B3E2167477D3}.Debug|Any CPU.Build.0 = Debug|Any CPU
		{7C5D7864-7B6B-4485-B221-B3E2167477D3}.Debug|Any CPU.Deploy.0 = Debug|Any CPU
		{7C5D7864-7B6B-4485-B221-B3E2167477D3}.Release|Any CPU.ActiveCfg = Release|Any CPU
		{7C5D7864-7B6B-4485-B221-B3E2167477D3}.Release|Any CPU.Build.0 = Release|Any CPU
		{7C5D7864-7B6B-4485-B221-B3E2167477D3}.Release|Any CPU.Deploy.0 = Release|Any CPU
		{1E937EDE-B82E-4749-865B-A43516B0E33D}.Debug|Any CPU.ActiveCfg = Debug|Any CPU
		{1E937EDE-B82E-4749-865B-A43516B0E33D}.Debug|Any CPU.Build.0 = Debug|Any CPU
		{1E937EDE-B82E-4749-865B-A43516B0E33D}.Debug|Any CPU.Deploy.0 = Debug|Any CPU
		{1E937EDE-B82E-4749-865B-A43516B0E33D}.Release|Any CPU.ActiveCfg = Release|Any CPU
		{1E937EDE-B82E-4749-865B-A43516B0E33D}.Release|Any CPU.Build.0 = Release|Any CPU
		{1E937EDE-B82E-4749-865B-A43516B0E33D}.Release|Any CPU.Deploy.0 = Release|Any CPU
	EndGlobalSection
	GlobalSection(SolutionProperties) = preSolution
		HideSolutionNode = FALSE
	EndGlobalSection
	GlobalSection(ExtensibilityGlobals) = postSolution
		SolutionGuid = {A7E85ED8-8FC1-40A0-AB78-BEFC2CE69471}
	EndGlobalSection
EndGlobal
